
Microsoft Visual Studio Solution File, Format Version 12.00
# Visual Studio Version 17
VisualStudioVersion = 17.5.33530.505
MinimumVisualStudioVersion = 10.0.40219.1
Project("{FAE04EC0-301F-11D3-BF4B-00C04F79EFBC}") = "Ucak Rezervasyonu", "Ucak Rezervasyonu\Ucak Rezervasyonu.csproj", "{93EF6E64-0269-4C6A-BF06-E4EBFF815725}"
EndProject
Global
	GlobalSection(SolutionConfigurationPlatforms) = preSolution
		Debug|Any CPU = Debug|Any CPU
		Release|Any CPU = Release|Any CPU
	EndGlobalSection
	GlobalSection(ProjectConfigurationPlatforms) = postSolution
		{93EF6E64-0269-4C6A-BF06-E4EBFF815725}.Debug|Any CPU.ActiveCfg = Debug|Any CPU
		{93EF6E64-0269-4C6A-BF06-E4EBFF815725}.Debug|Any CPU.Build.0 = Debug|Any CPU
		{93EF6E64-0269-4C6A-BF06-E4EBFF815725}.Release|Any CPU.ActiveCfg = Release|Any CPU
		{93EF6E64-0269-4C6A-BF06-E4EBFF815725}.Release|Any CPU.Build.0 = Release|Any CPU
	EndGlobalSection
	GlobalSection(SolutionProperties) = preSolution
		HideSolutionNode = FALSE
	EndGlobalSection
	GlobalSection(ExtensibilityGlobals) = postSolution
		SolutionGuid = {0CED7455-E301-47C2-BFFF-EBF09EB865BE}
	EndGlobalSection
EndGlobal
